// !$*UTF8*$!
{
	archiveVersion = 1;
	classes = {
	};
	objectVersion = 50;
	objects = {

/* Begin PBXBuildFile section */
		97822F7525F2DD9F00903C9A /* ListTableViewCell.swift in Sources */ = {isa = PBXBuildFile; fileRef = 97822F7425F2DD9F00903C9A /* ListTableViewCell.swift */; };
		97822F7C25F3F23600903C9A /* ToDoItems.swift in Sources */ = {isa = PBXBuildFile; fileRef = 97822F7B25F3F23600903C9A /* ToDoItems.swift */; };
		97822F7F25F3FA9800903C9A /* LocalNotificationManager.swift in Sources */ = {isa = PBXBuildFile; fileRef = 97822F7E25F3FA9800903C9A /* LocalNotificationManager.swift */; };
		97DC485E25E8C31600B735D7 /* AppDelegate.swift in Sources */ = {isa = PBXBuildFile; fileRef = 97DC485D25E8C31600B735D7 /* AppDelegate.swift */; };
		97DC486025E8C31600B735D7 /* SceneDelegate.swift in Sources */ = {isa = PBXBuildFile; fileRef = 97DC485F25E8C31600B735D7 /* SceneDelegate.swift */; };
		97DC486225E8C31600B735D7 /* ToDoListViewController.swift in Sources */ = {isa = PBXBuildFile; fileRef = 97DC486125E8C31600B735D7 /* ToDoListViewController.swift */; };
		97DC486525E8C31600B735D7 /* Main.storyboard in Resources */ = {isa = PBXBuildFile; fileRef = 97DC486325E8C31600B735D7 /* Main.storyboard */; };
		97DC486725E8C31700B735D7 /* Assets.xcassets in Resources */ = {isa = PBXBuildFile; fileRef = 97DC486625E8C31700B735D7 /* Assets.xcassets */; };
		97DC486A25E8C31700B735D7 /* LaunchScreen.storyboard in Resources */ = {isa = PBXBuildFile; fileRef = 97DC486825E8C31700B735D7 /* LaunchScreen.storyboard */; };
		97DC489525E9641A00B735D7 /* ToDoDetailTableViewController.swift in Sources */ = {isa = PBXBuildFile; fileRef = 97DC489425E9641A00B735D7 /* ToDoDetailTableViewController.swift */; };
		97DC489C25EC136400B735D7 /* ToDoItem.swift in Sources */ = {isa = PBXBuildFile; fileRef = 97DC489B25EC136400B735D7 /* ToDoItem.swift */; };
/* End PBXBuildFile section */

/* Begin PBXFileReference section */
		97822F7425F2DD9F00903C9A /* ListTableViewCell.swift */ = {isa = PBXFileReference; lastKnownFileType = sourcecode.swift; path = ListTableViewCell.swift; sourceTree = "<group>"; };
		97822F7B25F3F23600903C9A /* ToDoItems.swift */ = {isa = PBXFileReference; lastKnownFileType = sourcecode.swift; path = ToDoItems.swift; sourceTree = "<group>"; };
		97822F7E25F3FA9800903C9A /* LocalNotificationManager.swift */ = {isa = PBXFileReference; lastKnownFileType = sourcecode.swift; path = LocalNotificationManager.swift; sourceTree = "<group>"; };
		97DC485A25E8C31600B735D7 /* ToDo List.app */ = {isa = PBXFileReference; explicitFileType = wrapper.application; includeInIndex = 0; path = "ToDo List.app"; sourceTree = BUILT_PRODUCTS_DIR; };
		97DC485D25E8C31600B735D7 /* AppDelegate.swift */ = {isa = PBXFileReference; lastKnownFileType = sourcecode.swift; path = AppDelegate.swift; sourceTree = "<group>"; };
		97DC485F25E8C31600B735D7 /* SceneDelegate.swift */ = {isa = PBXFileReference; lastKnownFileType = sourcecode.swift; path = SceneDelegate.swift; sourceTree = "<group>"; };
		97DC486125E8C31600B735D7 /* ToDoListViewController.swift */ = {isa = PBXFileReference; lastKnownFileType = sourcecode.swift; path = ToDoListViewController.swift; sourceTree = "<group>"; };
		97DC486425E8C31600B735D7 /* Base */ = {isa = PBXFileReference; lastKnownFileType = file.storyboard; name = Base; path = Base.lproj/Main.storyboard; sourceTree = "<group>"; };
		97DC486625E8C31700B735D7 /* Assets.xcassets */ = {isa = PBXFileReference; lastKnownFileType = folder.assetcatalog; path = Assets.xcassets; sourceTree = "<group>"; };
		97DC486925E8C31700B735D7 /* Base */ = {isa = PBXFileReference; lastKnownFileType = file.storyboard; name = Base; path = Base.lproj/LaunchScreen.storyboard; sourceTree = "<group>"; };
		97DC486B25E8C31700B735D7 /* Info.plist */ = {isa = PBXFileReference; lastKnownFileType = text.plist.xml; path = Info.plist; sourceTree = "<group>"; };
		97DC489425E9641A00B735D7 /* ToDoDetailTableViewController.swift */ = {isa = PBXFileReference; lastKnownFileType = sourcecode.swift; path = ToDoDetailTableViewController.swift; sourceTree = "<group>"; };
		97DC489B25EC136400B735D7 /* ToDoItem.swift */ = {isa = PBXFileReference; lastKnownFileType = sourcecode.swift; path = ToDoItem.swift; sourceTree = "<group>"; };
/* End PBXFileReference section */

/* Begin PBXFrameworksBuildPhase section */
		97DC485725E8C31600B735D7 /* Frameworks */ = {
			isa = PBXFrameworksBuildPhase;
			buildActionMask = 2147483647;
			files = (
			);
			runOnlyForDeploymentPostprocessing = 0;
		};
/* End PBXFrameworksBuildPhase section */

/* Begin PBXGroup section */
		97DC485125E8C31600B735D7 = {
			isa = PBXGroup;
			children = (
				97DC485C25E8C31600B735D7 /* ToDo List */,
				97DC485B25E8C31600B735D7 /* Products */,
			);
			sourceTree = "<group>";
		};
		97DC485B25E8C31600B735D7 /* Products */ = {
			isa = PBXGroup;
			children = (
				97DC485A25E8C31600B735D7 /* ToDo List.app */,
			);
			name = Products;
			sourceTree = "<group>";
		};
		97DC485C25E8C31600B735D7 /* ToDo List */ = {
			isa = PBXGroup;
			children = (
				97DC485D25E8C31600B735D7 /* AppDelegate.swift */,
				97DC485F25E8C31600B735D7 /* SceneDelegate.swift */,
				97822F7E25F3FA9800903C9A /* LocalNotificationManager.swift */,
				97DC489B25EC136400B735D7 /* ToDoItem.swift */,
				97822F7B25F3F23600903C9A /* ToDoItems.swift */,
				97DC486125E8C31600B735D7 /* ToDoListViewController.swift */,
				97DC489425E9641A00B735D7 /* ToDoDetailTableViewController.swift */,
				97822F7425F2DD9F00903C9A /* ListTableViewCell.swift */,
				97DC486325E8C31600B735D7 /* Main.storyboard */,
				97DC486625E8C31700B735D7 /* Assets.xcassets */,
				97DC486825E8C31700B735D7 /* LaunchScreen.storyboard */,
				97DC486B25E8C31700B735D7 /* Info.plist */,
			);
			path = "ToDo List";
			sourceTree = "<group>";
		};
/* End PBXGroup section */

/* Begin PBXNativeTarget section */
		97DC485925E8C31600B735D7 /* ToDo List */ = {
			isa = PBXNativeTarget;
			buildConfigurationList = 97DC486E25E8C31700B735D7 /* Build configuration list for PBXNativeTarget "ToDo List" */;
			buildPhases = (
				97DC485625E8C31600B735D7 /* Sources */,
				97DC485725E8C31600B735D7 /* Frameworks */,
				97DC485825E8C31600B735D7 /* Resources */,
			);
			buildRules = (
			);
			dependencies = (
			);
			name = "ToDo List";
			productName = "ToDo List";
			productReference = 97DC485A25E8C31600B735D7 /* ToDo List.app */;
			productType = "com.apple.product-type.application";
		};
/* End PBXNativeTarget section */

/* Begin PBXProject section */
		97DC485225E8C31600B735D7 /* Project object */ = {
			isa = PBXProject;
			attributes = {
				LastSwiftUpdateCheck = 1240;
				LastUpgradeCheck = 1240;
				TargetAttributes = {
					97DC485925E8C31600B735D7 = {
						CreatedOnToolsVersion = 12.4;
					};
				};
			};
			buildConfigurationList = 97DC485525E8C31600B735D7 /* Build configuration list for PBXProject "ToDo List" */;
			compatibilityVersion = "Xcode 9.3";
			developmentRegion = en;
			hasScannedForEncodings = 0;
			knownRegions = (
				en,
				Base,
			);
			mainGroup = 97DC485125E8C31600B735D7;
			productRefGroup = 97DC485B25E8C31600B735D7 /* Products */;
			projectDirPath = "";
			projectRoot = "";
			targets = (
				97DC485925E8C31600B735D7 /* ToDo List */,
			);
		};
/* End PBXProject section */

/* Begin PBXResourcesBuildPhase section */
		97DC485825E8C31600B735D7 /* Resources */ = {
			isa = PBXResourcesBuildPhase;
			buildActionMask = 2147483647;
			files = (
				97DC486A25E8C31700B735D7 /* LaunchScreen.storyboard in Resources */,
				97DC486725E8C31700B735D7 /* Assets.xcassets in Resources */,
				97DC486525E8C31600B735D7 /* Main.storyboard in Resources */,
			);
			runOnlyForDeploymentPostprocessing = 0;
		};
/* End PBXResourcesBuildPhase section */

/* Begin PBXSourcesBuildPhase section */
		97DC485625E8C31600B735D7 /* Sources */ = {
			isa = PBXSourcesBuildPhase;
			buildActionMask = 2147483647;
			files = (
				97DC486225E8C31600B735D7 /* ToDoListViewController.swift in Sources */,
				97822F7C25F3F23600903C9A /* ToDoItems.swift in Sources */,
				97DC485E25E8C31600B735D7 /* AppDelegate.swift in Sources */,
				97DC489C25EC136400B735D7 /* ToDoItem.swift in Sources */,
				97DC489525E9641A00B735D7 /* ToDoDetailTableViewController.swift in Sources */,
				97DC486025E8C31600B735D7 /* SceneDelegate.swift in Sources */,
				97822F7F25F3FA9800903C9A /* LocalNotificationManager.swift in Sources */,
				97822F7525F2DD9F00903C9A /* ListTableViewCell.swift in Sources */,
			);
			runOnlyForDeploymentPostprocessing = 0;
		};
/* End PBXSourcesBuildPhase section */

/* Begin PBXVariantGroup section */
		97DC486325E8C31600B735D7 /* Main.storyboard */ = {
			isa = PBXVariantGroup;
			children = (
				97DC486425E8C31600B735D7 /* Base */,
			);
			name = Main.storyboard;
			sourceTree = "<group>";
		};
		97DC486825E8C31700B735D7 /* LaunchScreen.storyboard */ = {
			isa = PBXVariantGroup;
			children = (
				97DC486925E8C31700B735D7 /* Base */,
			);
			name = LaunchScreen.storyboard;
			sourceTree = "<group>";
		};
/* End PBXVariantGroup section */

/* Begin XCBuildConfiguration section */
		97DC486C25E8C31700B735D7 /* Debug */ = {
			isa = XCBuildConfiguration;
			buildSettings = {
				ALWAYS_SEARCH_USER_PATHS = NO;
				CLANG_ANALYZER_NONNULL = YES;
				CLANG_ANALYZER_NUMBER_OBJECT_CONVERSION = YES_AGGRESSIVE;
				CLANG_CXX_LANGUAGE_STANDARD = "gnu++14";
				CLANG_CXX_LIBRARY = "libc++";
				CLANG_ENABLE_MODULES = YES;
				CLANG_ENABLE_OBJC_ARC = YES;
				CLANG_ENABLE_OBJC_WEAK = YES;
				CLANG_WARN_BLOCK_CAPTURE_AUTORELEASING = YES;
				CLANG_WARN_BOOL_CONVERSION = YES;
				CLANG_WARN_COMMA = YES;
				CLANG_WARN_CONSTANT_CONVERSION = YES;
				CLANG_WARN_DEPRECATED_OBJC_IMPLEMENTATIONS = YES;
				CLANG_WARN_DIRECT_OBJC_ISA_USAGE = YES_ERROR;
				CLANG_WARN_DOCUMENTATION_COMMENTS = YES;
				CLANG_WARN_EMPTY_BODY = YES;
				CLANG_WARN_ENUM_CONVERSION = YES;
				CLANG_WARN_INFINITE_RECURSION = YES;
				CLANG_WARN_INT_CONVERSION = YES;
				CLANG_WARN_NON_LITERAL_NULL_CONVERSION = YES;
				CLANG_WARN_OBJC_IMPLICIT_RETAIN_SELF = YES;
				CLANG_WARN_OBJC_LITERAL_CONVERSION = YES;
				CLANG_WARN_OBJC_ROOT_CLASS = YES_ERROR;
				CLANG_WARN_QUOTED_INCLUDE_IN_FRAMEWORK_HEADER = YES;
				CLANG_WARN_RANGE_LOOP_ANALYSIS = YES;
				CLANG_WARN_STRICT_PROTOTYPES = YES;
				CLANG_WARN_SUSPICIOUS_MOVE = YES;
				CLANG_WARN_UNGUARDED_AVAILABILITY = YES_AGGRESSIVE;
				CLANG_WARN_UNREACHABLE_CODE = YES;
				CLANG_WARN__DUPLICATE_METHOD_MATCH = YES;
				COPY_PHASE_STRIP = NO;
				DEBUG_INFORMATION_FORMAT = dwarf;
				ENABLE_STRICT_OBJC_MSGSEND = YES;
				ENABLE_TESTABILITY = YES;
				GCC_C_LANGUAGE_STANDARD = gnu11;
				GCC_DYNAMIC_NO_PIC = NO;
				GCC_NO_COMMON_BLOCKS = YES;
				GCC_OPTIMIZATION_LEVEL = 0;
				GCC_PREPROCESSOR_DEFINITIONS = (
					"DEBUG=1",
					"$(inherited)",
				);
				GCC_WARN_64_TO_32_BIT_CONVERSION = YES;
				GCC_WARN_ABOUT_RETURN_TYPE = YES_ERROR;
				GCC_WARN_UNDECLARED_SELECTOR = YES;
				GCC_WARN_UNINITIALIZED_AUTOS = YES_AGGRESSIVE;
				GCC_WARN_UNUSED_FUNCTION = YES;
				GCC_WARN_UNUSED_VARIABLE = YES;
				IPHONEOS_DEPLOYMENT_TARGET = 14.4;
				MTL_ENABLE_DEBUG_INFO = INCLUDE_SOURCE;
				MTL_FAST_MATH = YES;
				ONLY_ACTIVE_ARCH = YES;
				SDKROOT = iphoneos;
				SWIFT_ACTIVE_COMPILATION_CONDITIONS = DEBUG;
				SWIFT_OPTIMIZATION_LEVEL = "-Onone";
			};
			name = Debug;
		};
		97DC486D25E8C31700B735D7 /* Release */ = {
			isa = XCBuildConfiguration;
			buildSettings = {
				ALWAYS_SEARCH_USER_PATHS = NO;
				CLANG_ANALYZER_NONNULL = YES;
				CLANG_ANALYZER_NUMBER_OBJECT_CONVERSION = YES_AGGRESSIVE;
				CLANG_CXX_LANGUAGE_STANDARD = "gnu++14";
				CLANG_CXX_LIBRARY = "libc++";
				CLANG_ENABLE_MODULES = YES;
				CLANG_ENABLE_OBJC_ARC = YES;
				CLANG_ENABLE_OBJC_WEAK = YES;
				CLANG_WARN_BLOCK_CAPTURE_AUTORELEASING = YES;
				CLANG_WARN_BOOL_CONVERSION = YES;
				CLANG_WARN_COMMA = YES;
				CLANG_WARN_CONSTANT_CONVERSION = YES;
				CLANG_WARN_DEPRECATED_OBJC_IMPLEMENTATIONS = YES;
				CLANG_WARN_DIRECT_OBJC_ISA_USAGE = YES_ERROR;
				CLANG_WARN_DOCUMENTATION_COMMENTS = YES;
				CLANG_WARN_EMPTY_BODY = YES;
				CLANG_WARN_ENUM_CONVERSION = YES;
				CLANG_WARN_INFINITE_RECURSION = YES;
				CLANG_WARN_INT_CONVERSION = YES;
				CLANG_WARN_NON_LITERAL_NULL_CONVERSION = YES;
				CLANG_WARN_OBJC_IMPLICIT_RETAIN_SELF = YES;
				CLANG_WARN_OBJC_LITERAL_CONVERSION = YES;
				CLANG_WARN_OBJC_ROOT_CLASS = YES_ERROR;
				CLANG_WARN_QUOTED_INCLUDE_IN_FRAMEWORK_HEADER = YES;
				CLANG_WARN_RANGE_LOOP_ANALYSIS = YES;
				CLANG_WARN_STRICT_PROTOTYPES = YES;
				CLANG_WARN_SUSPICIOUS_MOVE = YES;
				CLANG_WARN_UNGUARDED_AVAILABILITY = YES_AGGRESSIVE;
				CLANG_WARN_UNREACHABLE_CODE = YES;
				CLANG_WARN__DUPLICATE_METHOD_MATCH = YES;
				COPY_PHASE_STRIP = NO;
				DEBUG_INFORMATION_FORMAT = "dwarf-with-dsym";
				ENABLE_NS_ASSERTIONS = NO;
				ENABLE_STRICT_OBJC_MSGSEND = YES;
				GCC_C_LANGUAGE_STANDARD = gnu11;
				GCC_NO_COMMON_BLOCKS = YES;
				GCC_WARN_64_TO_32_BIT_CONVERSION = YES;
				GCC_WARN_ABOUT_RETURN_TYPE = YES_ERROR;
				GCC_WARN_UNDECLARED_SELECTOR = YES;
				GCC_WARN_UNINITIALIZED_AUTOS = YES_AGGRESSIVE;
				GCC_WARN_UNUSED_FUNCTION = YES;
				GCC_WARN_UNUSED_VARIABLE = YES;
				IPHONEOS_DEPLOYMENT_TARGET = 14.4;
				MTL_ENABLE_DEBUG_INFO = NO;
				MTL_FAST_MATH = YES;
				SDKROOT = iphoneos;
				SWIFT_COMPILATION_MODE = wholemodule;
				SWIFT_OPTIMIZATION_LEVEL = "-O";
				VALIDATE_PRODUCT = YES;
			};
			name = Release;
		};
		97DC486F25E8C31700B735D7 /* Debug */ = {
			isa = XCBuildConfiguration;
			buildSettings = {
				ASSETCATALOG_COMPILER_APPICON_NAME = AppIcon;
				ASSETCATALOG_COMPILER_GLOBAL_ACCENT_COLOR_NAME = AccentColor;
				CODE_SIGN_STYLE = Automatic;
				DEVELOPMENT_TEAM = A746TSXZWD;
				INFOPLIST_FILE = "ToDo List/Info.plist";
				LD_RUNPATH_SEARCH_PATHS = (
					"$(inherited)",
					"@executable_path/Frameworks",
				);
				PRODUCT_BUNDLE_IDENTIFIER = "com.zheng.ToDo-List";
				PRODUCT_NAME = "$(TARGET_NAME)";
				SWIFT_VERSION = 5.0;
				TARGETED_DEVICE_FAMILY = "1,2";
			};
			name = Debug;
		};
		97DC487025E8C31700B735D7 /* Release */ = {
			isa = XCBuildConfiguration;
			buildSettings = {
				ASSETCATALOG_COMPILER_APPICON_NAME = AppIcon;
				ASSETCATALOG_COMPILER_GLOBAL_ACCENT_COLOR_NAME = AccentColor;
				CODE_SIGN_STYLE = Automatic;
				DEVELOPMENT_TEAM = A746TSXZWD;
				INFOPLIST_FILE = "ToDo List/Info.plist";
				LD_RUNPATH_SEARCH_PATHS = (
					"$(inherited)",
					"@executable_path/Frameworks",
				);
				PRODUCT_BUNDLE_IDENTIFIER = "com.zheng.ToDo-List";
				PRODUCT_NAME = "$(TARGET_NAME)";
				SWIFT_VERSION = 5.0;
				TARGETED_DEVICE_FAMILY = "1,2";
			};
			name = Release;
		};
/* End XCBuildConfiguration section */

/* Begin XCConfigurationList section */
		97DC485525E8C31600B735D7 /* Build configuration list for PBXProject "ToDo List" */ = {
			isa = XCConfigurationList;
			buildConfigurations = (
				97DC486C25E8C31700B735D7 /* Debug */,
				97DC486D25E8C31700B735D7 /* Release */,
			);
			defaultConfigurationIsVisible = 0;
			defaultConfigurationName = Release;
		};
		97DC486E25E8C31700B735D7 /* Build configuration list for PBXNativeTarget "ToDo List" */ = {
			isa = XCConfigurationList;
			buildConfigurations = (
				97DC486F25E8C31700B735D7 /* Debug */,
				97DC487025E8C31700B735D7 /* Release */,
			);
			defaultConfigurationIsVisible = 0;
			defaultConfigurationName = Release;
		};
/* End XCConfigurationList section */
	};
	rootObject = 97DC485225E8C31600B735D7 /* Project object */;
}
